{
  "name": "nba",
  "version": "4.5.0",
  "lockfileVersion": 1,
  "requires": true,
  "dependencies": {
    "nba-client-template": {
      "version": "git+https://github.com/acalizar/nba-client-template.git#e24940d6829721da3143c7bc75c53157904ee236",
      "from": "git+https://github.com/acalizar/nba-client-template.git"
    }
  }
}
